{
  "pins" : [
    {
      "identity" : "switchboard-sdk-ios",
      "kind" : "remoteSourceControl",
      "location" : "https://github.com/switchboard-sdk/switchboard-sdk-ios",
      "state" : {
        "branch" : "develop",
        "revision" : "74066c2871cf1b99bc6a24c0a096b1adad20fd1a"
      }
    }
  ],
  "version" : 2
}
