{
  "originHash" : "3d7a082c4cbceb4b8394fb32a9418c4aaad37ff335a418db0ac72327a53edc79",
  "pins" : [
    {
      "identity" : "switchboard-sdk-ios",
      "kind" : "remoteSourceControl",
      "location" : "https://github.com/switchboard-sdk/switchboard-sdk-ios",
      "state" : {
        "revision" : "a825e712f300d032cdb9af3cbc4225bf1970dde0",
        "version" : "2.1.0"
      }
    }
  ],
  "version" : 3
}
