{
  "pins" : [
    {
      "identity" : "switchboard-sdk-ios",
      "kind" : "remoteSourceControl",
      "location" : "https://github.com/switchboard-sdk/switchboard-sdk-ios",
      "state" : {
        "branch" : "develop",
        "revision" : "2de416a7d5a5a1d72a797dafa235ab690b2384a2"
      }
    }
  ],
  "version" : 2
}
